// !$*UTF8*$!
{
	archiveVersion = 1;
	classes = {
	};
	objectVersion = 46;
	objects = {

/* Begin PBXBuildFile section */
		322EF9A2153A00E300164A1A /* main.cpp in Sources */ = {isa = PBXBuildFile; fileRef = 322EF9A1153A00E300164A1A /* main.cpp */; };
		322EF9A4153A00E300164A1A /* Primes.1 in CopyFiles */ = {isa = PBXBuildFile; fileRef = 322EF9A3153A00E300164A1A /* Primes.1 */; };
/* End PBXBuildFile section */

/* Begin PBXCopyFilesBuildPhase section */
		322EF99B153A00E300164A1A /* CopyFiles */ = {
			isa = PBXCopyFilesBuildPhase;
			buildActionMask = 2147483647;
			dstPath = /usr/share/man/man1/;
			dstSubfolderSpec = 0;
			files = (
				322EF9A4153A00E300164A1A /* Primes.1 in CopyFiles */,
			);
			runOnlyForDeploymentPostprocessing = 1;
		};
/* End PBXCopyFilesBuildPhase section */

/* Begin PBXFileReference section */
		322EF99D153A00E300164A1A /* Primes */ = {isa = PBXFileReference; explicitFileType = "compiled.mach-o.executable"; includeInIndex = 0; path = Primes; sourceTree = BUILT_PRODUCTS_DIR; };
		322EF9A1153A00E300164A1A /* main.cpp */ = {isa = PBXFileReference; lastKnownFileType = sourcecode.cpp.cpp; path = main.cpp; sourceTree = "<group>"; };
		322EF9A3153A00E300164A1A /* Primes.1 */ = {isa = PBXFileReference; lastKnownFileType = text.man; path = Primes.1; sourceTree = "<group>"; };
/* End PBXFileReference section */

/* Begin PBXFrameworksBuildPhase section */
		322EF99A153A00E300164A1A /* Frameworks */ = {
			isa = PBXFrameworksBuildPhase;
			buildActionMask = 2147483647;
			files = (
			);
			runOnlyForDeploymentPostprocessing = 0;
		};
/* End PBXFrameworksBuildPhase section */

/* Begin PBXGroup section */
		322EF992153A00E200164A1A = {
			isa = PBXGroup;
			children = (
				322EF9A0153A00E300164A1A /* Primes */,
				322EF99E153A00E300164A1A /* Products */,
			);
			sourceTree = "<group>";
		};
		322EF99E153A00E300164A1A /* Products */ = {
			isa = PBXGroup;
			children = (
				322EF99D153A00E300164A1A /* Primes */,
			);
			name = Products;
			sourceTree = "<group>";
		};
		322EF9A0153A00E300164A1A /* Primes */ = {
			isa = PBXGroup;
			children = (
				322EF9A1153A00E300164A1A /* main.cpp */,
				322EF9A3153A00E300164A1A /* Primes.1 */,
			);
			path = Primes;
			sourceTree = "<group>";
		};
/* End PBXGroup section */

/* Begin PBXNativeTarget section */
		322EF99C153A00E300164A1A /* Primes */ = {
			isa = PBXNativeTarget;
			buildConfigurationList = 322EF9A7153A00E300164A1A /* Build configuration list for PBXNativeTarget "Primes" */;
			buildPhases = (
				322EF999153A00E300164A1A /* Sources */,
				322EF99A153A00E300164A1A /* Frameworks */,
				322EF99B153A00E300164A1A /* CopyFiles */,
			);
			buildRules = (
			);
			dependencies = (
			);
			name = Primes;
			productName = Primes;
			productReference = 322EF99D153A00E300164A1A /* Primes */;
			productType = "com.apple.product-type.tool";
		};
/* End PBXNativeTarget section */

/* Begin PBXProject section */
		322EF994153A00E200164A1A /* Project object */ = {
			isa = PBXProject;
			attributes = {
				LastUpgradeCheck = 0420;
			};
			buildConfigurationList = 322EF997153A00E200164A1A /* Build configuration list for PBXProject "Primes" */;
			compatibilityVersion = "Xcode 3.2";
			developmentRegion = English;
			hasScannedForEncodings = 0;
			knownRegions = (
				en,
			);
			mainGroup = 322EF992153A00E200164A1A;
			productRefGroup = 322EF99E153A00E300164A1A /* Products */;
			projectDirPath = "";
			projectRoot = "";
			targets = (
				322EF99C153A00E300164A1A /* Primes */,
			);
		};
/* End PBXProject section */

/* Begin PBXSourcesBuildPhase section */
		322EF999153A00E300164A1A /* Sources */ = {
			isa = PBXSourcesBuildPhase;
			buildActionMask = 2147483647;
			files = (
				322EF9A2153A00E300164A1A /* main.cpp in Sources */,
			);
			runOnlyForDeploymentPostprocessing = 0;
		};
/* End PBXSourcesBuildPhase section */

/* Begin XCBuildConfiguration section */
		322EF9A5153A00E300164A1A /* Debug */ = {
			isa = XCBuildConfiguration;
			buildSettings = {
				ALWAYS_SEARCH_USER_PATHS = NO;
				ARCHS = "$(ARCHS_STANDARD_64_BIT)";
				CLANG_ENABLE_OBJC_ARC = YES;
				COPY_PHASE_STRIP = NO;
				GCC_C_LANGUAGE_STANDARD = gnu99;
				GCC_DYNAMIC_NO_PIC = NO;
				GCC_ENABLE_OBJC_EXCEPTIONS = YES;
				GCC_OPTIMIZATION_LEVEL = 0;
				GCC_PREPROCESSOR_DEFINITIONS = (
					"DEBUG=1",
					"$(inherited)",
				);
				GCC_SYMBOLS_PRIVATE_EXTERN = NO;
				GCC_VERSION = com.apple.compilers.llvm.clang.1_0;
				GCC_WARN_64_TO_32_BIT_CONVERSION = YES;
				GCC_WARN_ABOUT_MISSING_PROTOTYPES = YES;
				GCC_WARN_ABOUT_RETURN_TYPE = YES;
				GCC_WARN_UNUSED_VARIABLE = YES;
				MACOSX_DEPLOYMENT_TARGET = 10.7;
				ONLY_ACTIVE_ARCH = YES;
				SDKROOT = macosx;
			};
			name = Debug;
		};
		322EF9A6153A00E300164A1A /* Release */ = {
			isa = XCBuildConfiguration;
			buildSettings = {
				ALWAYS_SEARCH_USER_PATHS = NO;
				ARCHS = "$(ARCHS_STANDARD_64_BIT)";
				CLANG_ENABLE_OBJC_ARC = YES;
				COPY_PHASE_STRIP = YES;
				DEBUG_INFORMATION_FORMAT = "dwarf-with-dsym";
				GCC_C_LANGUAGE_STANDARD = gnu99;
				GCC_ENABLE_OBJC_EXCEPTIONS = YES;
				GCC_VERSION = com.apple.compilers.llvm.clang.1_0;
				GCC_WARN_64_TO_32_BIT_CONVERSION = YES;
				GCC_WARN_ABOUT_MISSING_PROTOTYPES = YES;
				GCC_WARN_ABOUT_RETURN_TYPE = YES;
				GCC_WARN_UNUSED_VARIABLE = YES;
				MACOSX_DEPLOYMENT_TARGET = 10.7;
				SDKROOT = macosx;
			};
			name = Release;
		};
		322EF9A8153A00E300164A1A /* Debug */ = {
			isa = XCBuildConfiguration;
			buildSettings = {
				PRODUCT_NAME = "$(TARGET_NAME)";
			};
			name = Debug;
		};
		322EF9A9153A00E300164A1A /* Release */ = {
			isa = XCBuildConfiguration;
			buildSettings = {
				PRODUCT_NAME = "$(TARGET_NAME)";
			};
			name = Release;
		};
/* End XCBuildConfiguration section */

/* Begin XCConfigurationList section */
		322EF997153A00E200164A1A /* Build configuration list for PBXProject "Primes" */ = {
			isa = XCConfigurationList;
			buildConfigurations = (
				322EF9A5153A00E300164A1A /* Debug */,
				322EF9A6153A00E300164A1A /* Release */,
			);
			defaultConfigurationIsVisible = 0;
			defaultConfigurationName = Release;
		};
		322EF9A7153A00E300164A1A /* Build configuration list for PBXNativeTarget "Primes" */ = {
			isa = XCConfigurationList;
			buildConfigurations = (
				322EF9A8153A00E300164A1A /* Debug */,
				322EF9A9153A00E300164A1A /* Release */,
			);
			defaultConfigurationIsVisible = 0;
		};
/* End XCConfigurationList section */
	};
	rootObject = 322EF994153A00E200164A1A /* Project object */;
}
